// !$*UTF8*$!
{
	archiveVersion = 1;
	classes = {
	};
	objectVersion = 50;
	objects = {

/* Begin PBXBuildFile section */
		9948259F20A382C900E228FB /* ApiResponse.swift in Sources */ = {isa = PBXBuildFile; fileRef = 9948259E20A382C900E228FB /* ApiResponse.swift */; };
		994825A120A3845600E228FB /* ApiKeys.swift in Sources */ = {isa = PBXBuildFile; fileRef = 994825A020A3845600E228FB /* ApiKeys.swift */; };
		994825A320A38AC000E228FB /* SchoolBus.swift in Sources */ = {isa = PBXBuildFile; fileRef = 994825A220A38AC000E228FB /* SchoolBus.swift */; };
		994825A620A38AE200E228FB /* SchoolBusStop.swift in Sources */ = {isa = PBXBuildFile; fileRef = 994825A520A38AE200E228FB /* SchoolBusStop.swift */; };
		994825AB20A38E6700E228FB /* SchoolBussesViewController.swift in Sources */ = {isa = PBXBuildFile; fileRef = 994825AA20A38E6700E228FB /* SchoolBussesViewController.swift */; };
		994825AF20A38ECB00E228FB /* SchoolBusTableViewCell.swift in Sources */ = {isa = PBXBuildFile; fileRef = 994825AD20A38ECB00E228FB /* SchoolBusTableViewCell.swift */; };
		994825B020A38ECB00E228FB /* SchoolBusTableViewCell.xib in Resources */ = {isa = PBXBuildFile; fileRef = 994825AE20A38ECB00E228FB /* SchoolBusTableViewCell.xib */; };
		994825B220A396B400E228FB /* SchoolBusDetailViewController.swift in Sources */ = {isa = PBXBuildFile; fileRef = 994825B120A396B400E228FB /* SchoolBusDetailViewController.swift */; };
		994825B520A397B200E228FB /* UIViewController+Routes.swift in Sources */ = {isa = PBXBuildFile; fileRef = 994825B420A397B200E228FB /* UIViewController+Routes.swift */; };
		994825B720A39B4700E228FB /* SchoolBusStop+MapKit.swift in Sources */ = {isa = PBXBuildFile; fileRef = 994825B620A39B4700E228FB /* SchoolBusStop+MapKit.swift */; };
		9994194120A3738C002BA5AE /* AppDelegate.swift in Sources */ = {isa = PBXBuildFile; fileRef = 9994194020A3738C002BA5AE /* AppDelegate.swift */; };
		9994194620A3738C002BA5AE /* Main.storyboard in Resources */ = {isa = PBXBuildFile; fileRef = 9994194420A3738C002BA5AE /* Main.storyboard */; };
		9994194820A37390002BA5AE /* Assets.xcassets in Resources */ = {isa = PBXBuildFile; fileRef = 9994194720A37390002BA5AE /* Assets.xcassets */; };
		9994194B20A37390002BA5AE /* LaunchScreen.storyboard in Resources */ = {isa = PBXBuildFile; fileRef = 9994194920A37390002BA5AE /* LaunchScreen.storyboard */; };
		9994195320A373B9002BA5AE /* Updater.swift in Sources */ = {isa = PBXBuildFile; fileRef = 9994195220A373B9002BA5AE /* Updater.swift */; };
		C9139651BDD012C0762C42BC /* Pods_Routes.framework in Frameworks */ = {isa = PBXBuildFile; fileRef = A4F83DA1A95F4C7505F31689 /* Pods_Routes.framework */; };
/* End PBXBuildFile section */

/* Begin PBXFileReference section */
		9948259E20A382C900E228FB /* ApiResponse.swift */ = {isa = PBXFileReference; lastKnownFileType = sourcecode.swift; path = ApiResponse.swift; sourceTree = "<group>"; };
		994825A020A3845600E228FB /* ApiKeys.swift */ = {isa = PBXFileReference; lastKnownFileType = sourcecode.swift; path = ApiKeys.swift; sourceTree = "<group>"; };
		994825A220A38AC000E228FB /* SchoolBus.swift */ = {isa = PBXFileReference; lastKnownFileType = sourcecode.swift; path = SchoolBus.swift; sourceTree = "<group>"; };
		994825A520A38AE200E228FB /* SchoolBusStop.swift */ = {isa = PBXFileReference; lastKnownFileType = sourcecode.swift; path = SchoolBusStop.swift; sourceTree = "<group>"; };
		994825AA20A38E6700E228FB /* SchoolBussesViewController.swift */ = {isa = PBXFileReference; lastKnownFileType = sourcecode.swift; path = SchoolBussesViewController.swift; sourceTree = "<group>"; };
		994825AD20A38ECB00E228FB /* SchoolBusTableViewCell.swift */ = {isa = PBXFileReference; lastKnownFileType = sourcecode.swift; path = SchoolBusTableViewCell.swift; sourceTree = "<group>"; };
		994825AE20A38ECB00E228FB /* SchoolBusTableViewCell.xib */ = {isa = PBXFileReference; lastKnownFileType = file.xib; path = SchoolBusTableViewCell.xib; sourceTree = "<group>"; };
		994825B120A396B400E228FB /* SchoolBusDetailViewController.swift */ = {isa = PBXFileReference; lastKnownFileType = sourcecode.swift; path = SchoolBusDetailViewController.swift; sourceTree = "<group>"; };
		994825B420A397B200E228FB /* UIViewController+Routes.swift */ = {isa = PBXFileReference; lastKnownFileType = sourcecode.swift; path = "UIViewController+Routes.swift"; sourceTree = "<group>"; };
		994825B620A39B4700E228FB /* SchoolBusStop+MapKit.swift */ = {isa = PBXFileReference; lastKnownFileType = sourcecode.swift; path = "SchoolBusStop+MapKit.swift"; sourceTree = "<group>"; };
		9994193D20A3738C002BA5AE /* Routes.app */ = {isa = PBXFileReference; explicitFileType = wrapper.application; includeInIndex = 0; path = Routes.app; sourceTree = BUILT_PRODUCTS_DIR; };
		9994194020A3738C002BA5AE /* AppDelegate.swift */ = {isa = PBXFileReference; lastKnownFileType = sourcecode.swift; path = AppDelegate.swift; sourceTree = "<group>"; };
		9994194520A3738C002BA5AE /* Base */ = {isa = PBXFileReference; lastKnownFileType = file.storyboard; name = Base; path = Base.lproj/Main.storyboard; sourceTree = "<group>"; };
		9994194720A37390002BA5AE /* Assets.xcassets */ = {isa = PBXFileReference; lastKnownFileType = folder.assetcatalog; path = Assets.xcassets; sourceTree = "<group>"; };
		9994194A20A37390002BA5AE /* Base */ = {isa = PBXFileReference; lastKnownFileType = file.storyboard; name = Base; path = Base.lproj/LaunchScreen.storyboard; sourceTree = "<group>"; };
		9994194C20A37390002BA5AE /* Info.plist */ = {isa = PBXFileReference; lastKnownFileType = text.plist.xml; path = Info.plist; sourceTree = "<group>"; };
		9994195220A373B9002BA5AE /* Updater.swift */ = {isa = PBXFileReference; lastKnownFileType = sourcecode.swift; path = Updater.swift; sourceTree = "<group>"; };
		9BBEB2DCB4E12991D95CB4D7 /* Pods-Routes.debug.xcconfig */ = {isa = PBXFileReference; includeInIndex = 1; lastKnownFileType = text.xcconfig; name = "Pods-Routes.debug.xcconfig"; path = "Pods/Target Support Files/Pods-Routes/Pods-Routes.debug.xcconfig"; sourceTree = "<group>"; };
		A4F83DA1A95F4C7505F31689 /* Pods_Routes.framework */ = {isa = PBXFileReference; explicitFileType = wrapper.framework; includeInIndex = 0; path = Pods_Routes.framework; sourceTree = BUILT_PRODUCTS_DIR; };
		D9321E1ABECC1C335D154DF3 /* Pods-Routes.release.xcconfig */ = {isa = PBXFileReference; includeInIndex = 1; lastKnownFileType = text.xcconfig; name = "Pods-Routes.release.xcconfig"; path = "Pods/Target Support Files/Pods-Routes/Pods-Routes.release.xcconfig"; sourceTree = "<group>"; };
/* End PBXFileReference section */

/* Begin PBXFrameworksBuildPhase section */
		9994193A20A3738C002BA5AE /* Frameworks */ = {
			isa = PBXFrameworksBuildPhase;
			buildActionMask = 2147483647;
			files = (
				C9139651BDD012C0762C42BC /* Pods_Routes.framework in Frameworks */,
			);
			runOnlyForDeploymentPostprocessing = 0;
		};
/* End PBXFrameworksBuildPhase section */

/* Begin PBXGroup section */
		7CDF0217EECC9B154DD71128 /* Frameworks */ = {
			isa = PBXGroup;
			children = (
				A4F83DA1A95F4C7505F31689 /* Pods_Routes.framework */,
			);
			name = Frameworks;
			sourceTree = "<group>";
		};
		994825A420A38AD200E228FB /* Model */ = {
			isa = PBXGroup;
			children = (
				994825A520A38AE200E228FB /* SchoolBusStop.swift */,
				994825A220A38AC000E228FB /* SchoolBus.swift */,
				9948259E20A382C900E228FB /* ApiResponse.swift */,
			);
			path = Model;
			sourceTree = "<group>";
		};
		994825A820A38C2700E228FB /* Tools */ = {
			isa = PBXGroup;
			children = (
				994825B320A3979100E228FB /* Extensions */,
				9994195220A373B9002BA5AE /* Updater.swift */,
				994825A020A3845600E228FB /* ApiKeys.swift */,
			);
			path = Tools;
			sourceTree = "<group>";
		};
		994825A920A38C4500E228FB /* ViewController */ = {
			isa = PBXGroup;
			children = (
				994825AA20A38E6700E228FB /* SchoolBussesViewController.swift */,
				994825B120A396B400E228FB /* SchoolBusDetailViewController.swift */,
			);
			path = ViewController;
			sourceTree = "<group>";
		};
		994825AC20A38EAD00E228FB /* Visual Components */ = {
			isa = PBXGroup;
			children = (
				994825AD20A38ECB00E228FB /* SchoolBusTableViewCell.swift */,
				994825AE20A38ECB00E228FB /* SchoolBusTableViewCell.xib */,
			);
			path = "Visual Components";
			sourceTree = "<group>";
		};
		994825B320A3979100E228FB /* Extensions */ = {
			isa = PBXGroup;
			children = (
				994825B420A397B200E228FB /* UIViewController+Routes.swift */,
				994825B620A39B4700E228FB /* SchoolBusStop+MapKit.swift */,
			);
			path = Extensions;
			sourceTree = "<group>";
		};
		9994193420A3738C002BA5AE = {
			isa = PBXGroup;
			children = (
				9994193F20A3738C002BA5AE /* Routes */,
				9994193E20A3738C002BA5AE /* Products */,
				ACCAA842A06ED1A4A0628B81 /* Pods */,
				7CDF0217EECC9B154DD71128 /* Frameworks */,
			);
			sourceTree = "<group>";
		};
		9994193E20A3738C002BA5AE /* Products */ = {
			isa = PBXGroup;
			children = (
				9994193D20A3738C002BA5AE /* Routes.app */,
			);
			name = Products;
			sourceTree = "<group>";
		};
		9994193F20A3738C002BA5AE /* Routes */ = {
			isa = PBXGroup;
			children = (
				994825AC20A38EAD00E228FB /* Visual Components */,
				994825A820A38C2700E228FB /* Tools */,
				994825A920A38C4500E228FB /* ViewController */,
				994825A420A38AD200E228FB /* Model */,
				9994194020A3738C002BA5AE /* AppDelegate.swift */,
				9994194420A3738C002BA5AE /* Main.storyboard */,
				9994194720A37390002BA5AE /* Assets.xcassets */,
				9994194920A37390002BA5AE /* LaunchScreen.storyboard */,
				9994194C20A37390002BA5AE /* Info.plist */,
			);
			path = Routes;
			sourceTree = "<group>";
		};
		ACCAA842A06ED1A4A0628B81 /* Pods */ = {
			isa = PBXGroup;
			children = (
				9BBEB2DCB4E12991D95CB4D7 /* Pods-Routes.debug.xcconfig */,
				D9321E1ABECC1C335D154DF3 /* Pods-Routes.release.xcconfig */,
			);
			name = Pods;
			sourceTree = "<group>";
		};
/* End PBXGroup section */

/* Begin PBXNativeTarget section */
		9994193C20A3738C002BA5AE /* Routes */ = {
			isa = PBXNativeTarget;
			buildConfigurationList = 9994194F20A37390002BA5AE /* Build configuration list for PBXNativeTarget "Routes" */;
			buildPhases = (
				BBF0CC4C16B61EAF8088D3D3 /* [CP] Check Pods Manifest.lock */,
				9994193920A3738C002BA5AE /* Sources */,
				9994193A20A3738C002BA5AE /* Frameworks */,
				9994193B20A3738C002BA5AE /* Resources */,
				D8107ECF169EEE4FEEA3393B /* [CP] Embed Pods Frameworks */,
			);
			buildRules = (
			);
			dependencies = (
			);
			name = Routes;
			productName = Routes;
			productReference = 9994193D20A3738C002BA5AE /* Routes.app */;
			productType = "com.apple.product-type.application";
		};
/* End PBXNativeTarget section */

/* Begin PBXProject section */
		9994193520A3738C002BA5AE /* Project object */ = {
			isa = PBXProject;
			attributes = {
				LastSwiftUpdateCheck = 0930;
				LastUpgradeCheck = 0930;
				ORGANIZATIONNAME = Angel;
				TargetAttributes = {
					9994193C20A3738C002BA5AE = {
						CreatedOnToolsVersion = 9.3;
					};
				};
			};
			buildConfigurationList = 9994193820A3738C002BA5AE /* Build configuration list for PBXProject "Routes" */;
			compatibilityVersion = "Xcode 9.3";
			developmentRegion = en;
			hasScannedForEncodings = 0;
			knownRegions = (
				en,
				Base,
			);
			mainGroup = 9994193420A3738C002BA5AE;
			productRefGroup = 9994193E20A3738C002BA5AE /* Products */;
			projectDirPath = "";
			projectRoot = "";
			targets = (
				9994193C20A3738C002BA5AE /* Routes */,
			);
		};
/* End PBXProject section */

/* Begin PBXResourcesBuildPhase section */
		9994193B20A3738C002BA5AE /* Resources */ = {
			isa = PBXResourcesBuildPhase;
			buildActionMask = 2147483647;
			files = (
				994825B020A38ECB00E228FB /* SchoolBusTableViewCell.xib in Resources */,
				9994194B20A37390002BA5AE /* LaunchScreen.storyboard in Resources */,
				9994194820A37390002BA5AE /* Assets.xcassets in Resources */,
				9994194620A3738C002BA5AE /* Main.storyboard in Resources */,
			);
			runOnlyForDeploymentPostprocessing = 0;
		};
/* End PBXResourcesBuildPhase section */

/* Begin PBXShellScriptBuildPhase section */
		BBF0CC4C16B61EAF8088D3D3 /* [CP] Check Pods Manifest.lock */ = {
			isa = PBXShellScriptBuildPhase;
			buildActionMask = 2147483647;
			files = (
			);
			inputPaths = (
				"${PODS_PODFILE_DIR_PATH}/Podfile.lock",
				"${PODS_ROOT}/Manifest.lock",
			);
			name = "[CP] Check Pods Manifest.lock";
			outputPaths = (
				"$(DERIVED_FILE_DIR)/Pods-Routes-checkManifestLockResult.txt",
			);
			runOnlyForDeploymentPostprocessing = 0;
			shellPath = /bin/sh;
			shellScript = "diff \"${PODS_PODFILE_DIR_PATH}/Podfile.lock\" \"${PODS_ROOT}/Manifest.lock\" > /dev/null\nif [ $? != 0 ] ; then\n    # print error to STDERR\n    echo \"error: The sandbox is not in sync with the Podfile.lock. Run 'pod install' or update your CocoaPods installation.\" >&2\n    exit 1\nfi\n# This output is used by Xcode 'outputs' to avoid re-running this script phase.\necho \"SUCCESS\" > \"${SCRIPT_OUTPUT_FILE_0}\"\n";
			showEnvVarsInLog = 0;
		};
		D8107ECF169EEE4FEEA3393B /* [CP] Embed Pods Frameworks */ = {
			isa = PBXShellScriptBuildPhase;
			buildActionMask = 2147483647;
			files = (
			);
			inputPaths = (
				"${SRCROOT}/Pods/Target Support Files/Pods-Routes/Pods-Routes-frameworks.sh",
				"${BUILT_PRODUCTS_DIR}/Alamofire/Alamofire.framework",
				"${BUILT_PRODUCTS_DIR}/AlamofireImage/AlamofireImage.framework",
				"${BUILT_PRODUCTS_DIR}/AlamofireNetworkActivityLogger/AlamofireNetworkActivityLogger.framework",
				"${BUILT_PRODUCTS_DIR}/AlamofireObjectMapper/AlamofireObjectMapper.framework",
				"${BUILT_PRODUCTS_DIR}/ObjectMapper/ObjectMapper.framework",
				"${BUILT_PRODUCTS_DIR}/SVProgressHUD/SVProgressHUD.framework",
			);
			name = "[CP] Embed Pods Frameworks";
			outputPaths = (
				"${TARGET_BUILD_DIR}/${FRAMEWORKS_FOLDER_PATH}/Alamofire.framework",
				"${TARGET_BUILD_DIR}/${FRAMEWORKS_FOLDER_PATH}/AlamofireImage.framework",
				"${TARGET_BUILD_DIR}/${FRAMEWORKS_FOLDER_PATH}/AlamofireNetworkActivityLogger.framework",
				"${TARGET_BUILD_DIR}/${FRAMEWORKS_FOLDER_PATH}/AlamofireObjectMapper.framework",
				"${TARGET_BUILD_DIR}/${FRAMEWORKS_FOLDER_PATH}/ObjectMapper.framework",
				"${TARGET_BUILD_DIR}/${FRAMEWORKS_FOLDER_PATH}/SVProgressHUD.framework",
			);
			runOnlyForDeploymentPostprocessing = 0;
			shellPath = /bin/sh;
			shellScript = "\"${SRCROOT}/Pods/Target Support Files/Pods-Routes/Pods-Routes-frameworks.sh\"\n";
			showEnvVarsInLog = 0;
		};
/* End PBXShellScriptBuildPhase section */

/* Begin PBXSourcesBuildPhase section */
		9994193920A3738C002BA5AE /* Sources */ = {
			isa = PBXSourcesBuildPhase;
			buildActionMask = 2147483647;
			files = (
				994825A620A38AE200E228FB /* SchoolBusStop.swift in Sources */,
				994825A120A3845600E228FB /* ApiKeys.swift in Sources */,
				994825B220A396B400E228FB /* SchoolBusDetailViewController.swift in Sources */,
				994825AF20A38ECB00E228FB /* SchoolBusTableViewCell.swift in Sources */,
				994825A320A38AC000E228FB /* SchoolBus.swift in Sources */,
				994825B720A39B4700E228FB /* SchoolBusStop+MapKit.swift in Sources */,
				994825B520A397B200E228FB /* UIViewController+Routes.swift in Sources */,
				9948259F20A382C900E228FB /* ApiResponse.swift in Sources */,
				9994194120A3738C002BA5AE /* AppDelegate.swift in Sources */,
				994825AB20A38E6700E228FB /* SchoolBussesViewController.swift in Sources */,
				9994195320A373B9002BA5AE /* Updater.swift in Sources */,
			);
			runOnlyForDeploymentPostprocessing = 0;
		};
/* End PBXSourcesBuildPhase section */

/* Begin PBXVariantGroup section */
		9994194420A3738C002BA5AE /* Main.storyboard */ = {
			isa = PBXVariantGroup;
			children = (
				9994194520A3738C002BA5AE /* Base */,
			);
			name = Main.storyboard;
			sourceTree = "<group>";
		};
		9994194920A37390002BA5AE /* LaunchScreen.storyboard */ = {
			isa = PBXVariantGroup;
			children = (
				9994194A20A37390002BA5AE /* Base */,
			);
			name = LaunchScreen.storyboard;
			sourceTree = "<group>";
		};
/* End PBXVariantGroup section */

/* Begin XCBuildConfiguration section */
		9994194D20A37390002BA5AE /* Debug */ = {
			isa = XCBuildConfiguration;
			buildSettings = {
				ALWAYS_SEARCH_USER_PATHS = NO;
				CLANG_ANALYZER_NONNULL = YES;
				CLANG_ANALYZER_NUMBER_OBJECT_CONVERSION = YES_AGGRESSIVE;
				CLANG_CXX_LANGUAGE_STANDARD = "gnu++14";
				CLANG_CXX_LIBRARY = "libc++";
				CLANG_ENABLE_MODULES = YES;
				CLANG_ENABLE_OBJC_ARC = YES;
				CLANG_ENABLE_OBJC_WEAK = YES;
				CLANG_WARN_BLOCK_CAPTURE_AUTORELEASING = YES;
				CLANG_WARN_BOOL_CONVERSION = YES;
				CLANG_WARN_COMMA = YES;
				CLANG_WARN_CONSTANT_CONVERSION = YES;
				CLANG_WARN_DEPRECATED_OBJC_IMPLEMENTATIONS = YES;
				CLANG_WARN_DIRECT_OBJC_ISA_USAGE = YES_ERROR;
				CLANG_WARN_DOCUMENTATION_COMMENTS = YES;
				CLANG_WARN_EMPTY_BODY = YES;
				CLANG_WARN_ENUM_CONVERSION = YES;
				CLANG_WARN_INFINITE_RECURSION = YES;
				CLANG_WARN_INT_CONVERSION = YES;
				CLANG_WARN_NON_LITERAL_NULL_CONVERSION = YES;
				CLANG_WARN_OBJC_IMPLICIT_RETAIN_SELF = YES;
				CLANG_WARN_OBJC_LITERAL_CONVERSION = YES;
				CLANG_WARN_OBJC_ROOT_CLASS = YES_ERROR;
				CLANG_WARN_RANGE_LOOP_ANALYSIS = YES;
				CLANG_WARN_STRICT_PROTOTYPES = YES;
				CLANG_WARN_SUSPICIOUS_MOVE = YES;
				CLANG_WARN_UNGUARDED_AVAILABILITY = YES_AGGRESSIVE;
				CLANG_WARN_UNREACHABLE_CODE = YES;
				CLANG_WARN__DUPLICATE_METHOD_MATCH = YES;
				CODE_SIGN_IDENTITY = "iPhone Developer";
				COPY_PHASE_STRIP = NO;
				DEBUG_INFORMATION_FORMAT = dwarf;
				ENABLE_STRICT_OBJC_MSGSEND = YES;
				ENABLE_TESTABILITY = YES;
				GCC_C_LANGUAGE_STANDARD = gnu11;
				GCC_DYNAMIC_NO_PIC = NO;
				GCC_NO_COMMON_BLOCKS = YES;
				GCC_OPTIMIZATION_LEVEL = 0;
				GCC_PREPROCESSOR_DEFINITIONS = (
					"DEBUG=1",
					"$(inherited)",
				);
				GCC_WARN_64_TO_32_BIT_CONVERSION = YES;
				GCC_WARN_ABOUT_RETURN_TYPE = YES_ERROR;
				GCC_WARN_UNDECLARED_SELECTOR = YES;
				GCC_WARN_UNINITIALIZED_AUTOS = YES_AGGRESSIVE;
				GCC_WARN_UNUSED_FUNCTION = YES;
				GCC_WARN_UNUSED_VARIABLE = YES;
				IPHONEOS_DEPLOYMENT_TARGET = 11.3;
				MTL_ENABLE_DEBUG_INFO = YES;
				ONLY_ACTIVE_ARCH = YES;
				SDKROOT = iphoneos;
				SWIFT_ACTIVE_COMPILATION_CONDITIONS = DEBUG;
				SWIFT_OPTIMIZATION_LEVEL = "-Onone";
			};
			name = Debug;
		};
		9994194E20A37390002BA5AE /* Release */ = {
			isa = XCBuildConfiguration;
			buildSettings = {
				ALWAYS_SEARCH_USER_PATHS = NO;
				CLANG_ANALYZER_NONNULL = YES;
				CLANG_ANALYZER_NUMBER_OBJECT_CONVERSION = YES_AGGRESSIVE;
				CLANG_CXX_LANGUAGE_STANDARD = "gnu++14";
				CLANG_CXX_LIBRARY = "libc++";
				CLANG_ENABLE_MODULES = YES;
				CLANG_ENABLE_OBJC_ARC = YES;
				CLANG_ENABLE_OBJC_WEAK = YES;
				CLANG_WARN_BLOCK_CAPTURE_AUTORELEASING = YES;
				CLANG_WARN_BOOL_CONVERSION = YES;
				CLANG_WARN_COMMA = YES;
				CLANG_WARN_CONSTANT_CONVERSION = YES;
				CLANG_WARN_DEPRECATED_OBJC_IMPLEMENTATIONS = YES;
				CLANG_WARN_DIRECT_OBJC_ISA_USAGE = YES_ERROR;
				CLANG_WARN_DOCUMENTATION_COMMENTS = YES;
				CLANG_WARN_EMPTY_BODY = YES;
				CLANG_WARN_ENUM_CONVERSION = YES;
				CLANG_WARN_INFINITE_RECURSION = YES;
				CLANG_WARN_INT_CONVERSION = YES;
				CLANG_WARN_NON_LITERAL_NULL_CONVERSION = YES;
				CLANG_WARN_OBJC_IMPLICIT_RETAIN_SELF = YES;
				CLANG_WARN_OBJC_LITERAL_CONVERSION = YES;
				CLANG_WARN_OBJC_ROOT_CLASS = YES_ERROR;
				CLANG_WARN_RANGE_LOOP_ANALYSIS = YES;
				CLANG_WARN_STRICT_PROTOTYPES = YES;
				CLANG_WARN_SUSPICIOUS_MOVE = YES;
				CLANG_WARN_UNGUARDED_AVAILABILITY = YES_AGGRESSIVE;
				CLANG_WARN_UNREACHABLE_CODE = YES;
				CLANG_WARN__DUPLICATE_METHOD_MATCH = YES;
				CODE_SIGN_IDENTITY = "iPhone Developer";
				COPY_PHASE_STRIP = NO;
				DEBUG_INFORMATION_FORMAT = "dwarf-with-dsym";
				ENABLE_NS_ASSERTIONS = NO;
				ENABLE_STRICT_OBJC_MSGSEND = YES;
				GCC_C_LANGUAGE_STANDARD = gnu11;
				GCC_NO_COMMON_BLOCKS = YES;
				GCC_WARN_64_TO_32_BIT_CONVERSION = YES;
				GCC_WARN_ABOUT_RETURN_TYPE = YES_ERROR;
				GCC_WARN_UNDECLARED_SELECTOR = YES;
				GCC_WARN_UNINITIALIZED_AUTOS = YES_AGGRESSIVE;
				GCC_WARN_UNUSED_FUNCTION = YES;
				GCC_WARN_UNUSED_VARIABLE = YES;
				IPHONEOS_DEPLOYMENT_TARGET = 11.3;
				MTL_ENABLE_DEBUG_INFO = NO;
				SDKROOT = iphoneos;
				SWIFT_COMPILATION_MODE = wholemodule;
				SWIFT_OPTIMIZATION_LEVEL = "-O";
				VALIDATE_PRODUCT = YES;
			};
			name = Release;
		};
		9994195020A37390002BA5AE /* Debug */ = {
			isa = XCBuildConfiguration;
			baseConfigurationReference = 9BBEB2DCB4E12991D95CB4D7 /* Pods-Routes.debug.xcconfig */;
			buildSettings = {
				ASSETCATALOG_COMPILER_APPICON_NAME = AppIcon;
				CODE_SIGN_STYLE = Automatic;
				DEVELOPMENT_TEAM = 86PMDM3J26;
				INFOPLIST_FILE = Routes/Info.plist;
				IPHONEOS_DEPLOYMENT_TARGET = 10.0;
				LD_RUNPATH_SEARCH_PATHS = (
					"$(inherited)",
					"@executable_path/Frameworks",
				);
				PRODUCT_BUNDLE_IDENTIFIER = com.angel.Routes;
				PRODUCT_NAME = "$(TARGET_NAME)";
				SWIFT_VERSION = 4.0;
				TARGETED_DEVICE_FAMILY = "1,2";
			};
			name = Debug;
		};
		9994195120A37390002BA5AE /* Release */ = {
			isa = XCBuildConfiguration;
			baseConfigurationReference = D9321E1ABECC1C335D154DF3 /* Pods-Routes.release.xcconfig */;
			buildSettings = {
				ASSETCATALOG_COMPILER_APPICON_NAME = AppIcon;
				CODE_SIGN_STYLE = Automatic;
				DEVELOPMENT_TEAM = 86PMDM3J26;
				INFOPLIST_FILE = Routes/Info.plist;
				IPHONEOS_DEPLOYMENT_TARGET = 10.0;
				LD_RUNPATH_SEARCH_PATHS = (
					"$(inherited)",
					"@executable_path/Frameworks",
				);
				PRODUCT_BUNDLE_IDENTIFIER = com.angel.Routes;
				PRODUCT_NAME = "$(TARGET_NAME)";
				SWIFT_VERSION = 4.0;
				TARGETED_DEVICE_FAMILY = "1,2";
			};
			name = Release;
		};
/* End XCBuildConfiguration section */

/* Begin XCConfigurationList section */
		9994193820A3738C002BA5AE /* Build configuration list for PBXProject "Routes" */ = {
			isa = XCConfigurationList;
			buildConfigurations = (
				9994194D20A37390002BA5AE /* Debug */,
				9994194E20A37390002BA5AE /* Release */,
			);
			defaultConfigurationIsVisible = 0;
			defaultConfigurationName = Release;
		};
		9994194F20A37390002BA5AE /* Build configuration list for PBXNativeTarget "Routes" */ = {
			isa = XCConfigurationList;
			buildConfigurations = (
				9994195020A37390002BA5AE /* Debug */,
				9994195120A37390002BA5AE /* Release */,
			);
			defaultConfigurationIsVisible = 0;
			defaultConfigurationName = Release;
		};
/* End XCConfigurationList section */
	};
	rootObject = 9994193520A3738C002BA5AE /* Project object */;
}
